
Microsoft Visual Studio Solution File, Format Version 12.00
# Visual Studio Version 17
VisualStudioVersion = 17.0.31710.8
MinimumVisualStudioVersion = 10.0.40219.1
Project("{FAE04EC0-301F-11D3-BF4B-00C04F79EFBC}") = "SecureChatServer", "SecureChatServer.csproj", "{489686AE-37F9-44CF-9876-9C7C7EE71016}"
EndProject
Global
	GlobalSection(SolutionConfigurationPlatforms) = preSolution
		Debug|Any CPU = Debug|Any CPU
		Release|Any CPU = Release|Any CPU
	EndGlobalSection
	GlobalSection(ProjectConfigurationPlatforms) = postSolution
		{489686AE-37F9-44CF-9876-9C7C7EE71016}.Debug|Any CPU.ActiveCfg = Debug|Any CPU
		{489686AE-37F9-44CF-9876-9C7C7EE71016}.Debug|Any CPU.Build.0 = Debug|Any CPU
		{489686AE-37F9-44CF-9876-9C7C7EE71016}.Release|Any CPU.ActiveCfg = Release|Any CPU
		{489686AE-37F9-44CF-9876-9C7C7EE71016}.Release|Any CPU.Build.0 = Release|Any CPU
	EndGlobalSection
	GlobalSection(SolutionProperties) = preSolution
		HideSolutionNode = FALSE
	EndGlobalSection
	GlobalSection(ExtensibilityGlobals) = postSolution
		SolutionGuid = {502A2659-9B79-4381-98EA-39AA4D56CD9E}
	EndGlobalSection
EndGlobal
